
Microsoft Visual Studio Solution File, Format Version 12.00
# Visual Studio Version 16
VisualStudioVersion = 16.0.29411.108
MinimumVisualStudioVersion = 10.0.40219.1
Project("{FAE04EC0-301F-11D3-BF4B-00C04F79EFBC}") = "LeagueWorkBook", "LeagueWorkBook\LeagueWorkBook.csproj", "{C41295B4-1787-49B7-97AA-88FCC030E7F1}"
EndProject
Global
	GlobalSection(SolutionConfigurationPlatforms) = preSolution
		Debug|Any CPU = Debug|Any CPU
		Release|Any CPU = Release|Any CPU
	EndGlobalSection
	GlobalSection(ProjectConfigurationPlatforms) = postSolution
		{C41295B4-1787-49B7-97AA-88FCC030E7F1}.Debug|Any CPU.ActiveCfg = Debug|Any CPU
		{C41295B4-1787-49B7-97AA-88FCC030E7F1}.Debug|Any CPU.Build.0 = Debug|Any CPU
		{C41295B4-1787-49B7-97AA-88FCC030E7F1}.Release|Any CPU.ActiveCfg = Release|Any CPU
		{C41295B4-1787-49B7-97AA-88FCC030E7F1}.Release|Any CPU.Build.0 = Release|Any CPU
	EndGlobalSection
	GlobalSection(SolutionProperties) = preSolution
		HideSolutionNode = FALSE
	EndGlobalSection
	GlobalSection(ExtensibilityGlobals) = postSolution
		SolutionGuid = {58BAEAB6-D2D5-43D1-ADA4-C19A79E1C743}
	EndGlobalSection
EndGlobal
